
Microsoft Visual Studio Solution File, Format Version 12.00
# Visual Studio Version 16
VisualStudioVersion = 16.0.28729.10
MinimumVisualStudioVersion = 10.0.40219.1
Project("{FAE04EC0-301F-11D3-BF4B-00C04F79EFBC}") = "BlackJack.Repository", "BlackJack.Repository\BlackJack.Repository.csproj", "{A7A124DD-A3A1-4DAF-89A5-9074D7C3BFB4}"
EndProject
Project("{FAE04EC0-301F-11D3-BF4B-00C04F79EFBC}") = "BlackJack.UI", "BlackJack.UI\BlackJack.UI.csproj", "{54AF57E3-197B-44F0-9AA5-DE2C2B138E5B}"
EndProject
Global
	GlobalSection(SolutionConfigurationPlatforms) = preSolution
		Debug|Any CPU = Debug|Any CPU
		Release|Any CPU = Release|Any CPU
	EndGlobalSection
	GlobalSection(ProjectConfigurationPlatforms) = postSolution
		{A7A124DD-A3A1-4DAF-89A5-9074D7C3BFB4}.Debug|Any CPU.ActiveCfg = Debug|Any CPU
		{A7A124DD-A3A1-4DAF-89A5-9074D7C3BFB4}.Debug|Any CPU.Build.0 = Debug|Any CPU
		{A7A124DD-A3A1-4DAF-89A5-9074D7C3BFB4}.Release|Any CPU.ActiveCfg = Release|Any CPU
		{A7A124DD-A3A1-4DAF-89A5-9074D7C3BFB4}.Release|Any CPU.Build.0 = Release|Any CPU
		{54AF57E3-197B-44F0-9AA5-DE2C2B138E5B}.Debug|Any CPU.ActiveCfg = Debug|Any CPU
		{54AF57E3-197B-44F0-9AA5-DE2C2B138E5B}.Debug|Any CPU.Build.0 = Debug|Any CPU
		{54AF57E3-197B-44F0-9AA5-DE2C2B138E5B}.Release|Any CPU.ActiveCfg = Release|Any CPU
		{54AF57E3-197B-44F0-9AA5-DE2C2B138E5B}.Release|Any CPU.Build.0 = Release|Any CPU
	EndGlobalSection
	GlobalSection(SolutionProperties) = preSolution
		HideSolutionNode = FALSE
	EndGlobalSection
	GlobalSection(ExtensibilityGlobals) = postSolution
		SolutionGuid = {F5E63541-598F-4280-892B-74998CFEF377}
	EndGlobalSection
EndGlobal
